{
  "nodes": {
    "emacs-overlay": {
      "inputs": {
        "flake-utils": "flake-utils",
        "nixpkgs": "nixpkgs"
      },
      "locked": {
        "lastModified": 1670438727,
        "narHash": "sha256-c8SAz45BtQTZLxX0BRoj7aGlk6jogjlTE7Tj40lQr6Q=",
        "owner": "nix-community",
        "repo": "emacs-overlay",
        "rev": "e9c4d10bbb4e810cbfe5e31248fe835e08efb35a",
        "type": "github"
      },
      "original": {
        "owner": "nix-community",
        "repo": "emacs-overlay",
        "rev": "e9c4d10bbb4e810cbfe5e31248fe835e08efb35a",
        "type": "github"
      }
    },
    "flake-utils": {
      "locked": {
        "lastModified": 1667395993,
        "narHash": "sha256-nuEHfE/LcWyuSWnS8t12N1wc105Qtau+/OdUAjtQ0rA=",
        "owner": "numtide",
        "repo": "flake-utils",
        "rev": "5aed5285a952e0b949eb3ba02c12fa4fcfef535f",
        "type": "github"
      },
      "original": {
        "owner": "numtide",
        "repo": "flake-utils",
        "type": "github"
      }
    },
    "flake-utils_2": {
      "locked": {
        "lastModified": 1667395993,
        "narHash": "sha256-nuEHfE/LcWyuSWnS8t12N1wc105Qtau+/OdUAjtQ0rA=",
        "owner": "numtide",
        "repo": "flake-utils",
        "rev": "5aed5285a952e0b949eb3ba02c12fa4fcfef535f",
        "type": "github"
      },
      "original": {
        "owner": "numtide",
        "repo": "flake-utils",
        "type": "github"
      }
    },
    "hackpkgs": {
      "inputs": {
        "flake-utils": [
          "utils"
        ],
        "nixpkgs": [
          "nixpkgs"
        ]
      },
      "locked": {
        "lastModified": 1658745217,
        "narHash": "sha256-VyP2WOYmMZG5zmysQWDAXri8H1KwIQ0c+YU9eRiKjc0=",
        "owner": "applePrincess",
        "repo": "hackpkgs",
        "rev": "dd31e977fb99a6f7226954d2cb1d6f48869d8a55",
        "type": "github"
      },
      "original": {
        "owner": "applePrincess",
        "repo": "hackpkgs",
        "type": "github"
      }
    },
    "hardware": {
      "locked": {
        "lastModified": 1672644464,
        "narHash": "sha256-RYlvRMcQNT7FDoDkViijQBHg9g+blsB+U6AvL/gAsPI=",
        "owner": "nixos",
        "repo": "nixos-hardware",
        "rev": "ca29e25c39b8e117d4d76a81f1e229824a9b3a26",
        "type": "github"
      },
      "original": {
        "owner": "nixos",
        "repo": "nixos-hardware",
        "type": "github"
      }
    },
    "home-manager": {
      "inputs": {
        "nixpkgs": [
          "nixpkgs"
        ],
        "utils": "utils"
      },
      "locked": {
        "lastModified": 1672776592,
        "narHash": "sha256-4L1Ger9CqQKNkvg5bxAtWNRWnuIZDvjE1Vgl+gFe1v0=",
        "owner": "nix-community",
        "repo": "home-manager",
        "rev": "498c46ea5d7e05b74049730582153535be5a4c54",
        "type": "github"
      },
      "original": {
        "owner": "nix-community",
        "ref": "master",
        "repo": "home-manager",
        "type": "github"
      }
    },
    "nix-alien": {
      "inputs": {
        "flake-utils": "flake-utils_2",
        "nixpkgs": "nixpkgs_2"
      },
      "locked": {
        "lastModified": 1672257991,
        "narHash": "sha256-y8PXQLfbHqutORvr4VutOhxAAlx3rVT/Bcnvv8nS76E=",
        "owner": "thiagokokada",
        "repo": "nix-alien",
        "rev": "967735b1f9bdc12f24e7b1ac336e499d12896988",
        "type": "github"
      },
      "original": {
        "owner": "thiagokokada",
        "repo": "nix-alien",
        "type": "github"
      }
    },
    "nix-gaming": {
      "inputs": {
        "nixpkgs": "nixpkgs_3"
      },
      "locked": {
        "lastModified": 1672665710,
        "narHash": "sha256-kK9DB+J7zDSs5H0X0AxEn85VKROLKYnUbPijtZEPrYY=",
        "owner": "fufexan",
        "repo": "nix-gaming",
        "rev": "66c8cbbde08af5a7e87cd3aa4fb4725f20966db2",
        "type": "github"
      },
      "original": {
        "owner": "fufexan",
        "repo": "nix-gaming",
        "type": "github"
      }
    },
    "nix-ld": {
      "inputs": {
        "nixpkgs": "nixpkgs_4",
        "utils": "utils_2"
      },
      "locked": {
        "lastModified": 1672471000,
        "narHash": "sha256-i0Z2jQ/zD57Dd697VV1buGcgJrp3bXVnXSs8G8n/8tQ=",
        "owner": "Mic92",
        "repo": "nix-ld",
        "rev": "2e26ccf8c4beb2fd0f757df481686d7f52e09905",
        "type": "github"
      },
      "original": {
        "owner": "Mic92",
        "ref": "main",
        "repo": "nix-ld",
        "type": "github"
      }
    },
    "nixpkgs": {
      "locked": {
        "lastModified": 1672726962,
        "narHash": "sha256-MFMioj5DqKvctnb35INay8w1WaAL5Goap7ygOjQQWHQ=",
        "owner": "NixOS",
        "repo": "nixpkgs",
        "rev": "4a2446fcf565b0de22a7426b0255f7932b6b57ca",
        "type": "github"
      },
      "original": {
        "id": "nixpkgs",
        "type": "indirect"
      }
    },
    "nixpkgs-stable": {
      "locked": {
        "lastModified": 1672500394,
        "narHash": "sha256-yzwBzCoeRBoRzm7ySHhm72kBG0QjgFalLz2FY48iLI4=",
        "owner": "NixOS",
        "repo": "nixpkgs",
        "rev": "feda52be1d59f13b9aa02f064b4f14784b9a06c8",
        "type": "github"
      },
      "original": {
        "owner": "NixOS",
        "ref": "release-22.11",
        "repo": "nixpkgs",
        "type": "github"
      }
    },
    "nixpkgs_2": {
      "locked": {
        "lastModified": 1671007632,
        "narHash": "sha256-1uxNTBOa0SMypJKOWeUqrz2VfmwQ1hVgWckPdgDNip4=",
        "owner": "NixOS",
        "repo": "nixpkgs",
        "rev": "b9a0cd40ede905f554399f3f165895dccfd35f3b",
        "type": "github"
      },
      "original": {
        "owner": "NixOS",
        "ref": "nixpkgs-unstable",
        "repo": "nixpkgs",
        "type": "github"
      }
    },
    "nixpkgs_3": {
      "locked": {
        "lastModified": 1663491030,
        "narHash": "sha256-MVsfBhE9US5DvLtBAaTRjwYdv1tLO8xjahM8qLXTgTo=",
        "owner": "NixOS",
        "repo": "nixpkgs",
        "rev": "767542707d394ff15ac1981e903e005ba69528b5",
        "type": "github"
      },
      "original": {
        "owner": "NixOS",
        "ref": "nixpkgs-unstable",
        "repo": "nixpkgs",
        "type": "github"
      }
    },
    "nixpkgs_4": {
      "locked": {
        "lastModified": 1671467162,
        "narHash": "sha256-1MRYdkLH7vyz9A/69KeDE+4RaEI6D83GfuJLMOGjN/8=",
        "owner": "NixOS",
        "repo": "nixpkgs",
        "rev": "9bf4ec690947311dd0b080bb8d86a3019d5f4f24",
        "type": "github"
      },
      "original": {
        "owner": "NixOS",
        "repo": "nixpkgs",
        "type": "github"
      }
    },
    "nixpkgs_5": {
      "locked": {
        "lastModified": 1672617983,
        "narHash": "sha256-68WDiCBs631mbDDk4UAKdGURKcsfW6hjb7wgudTAe5o=",
        "owner": "nixos",
        "repo": "nixpkgs",
        "rev": "0fc9fca9c8d43edd79d33fea0dd8409d7c4580f4",
        "type": "github"
      },
      "original": {
        "owner": "nixos",
        "ref": "nixos-unstable",
        "repo": "nixpkgs",
        "type": "github"
      }
    },
    "nixpkgs_6": {
      "locked": {
        "lastModified": 1672428209,
        "narHash": "sha256-eejhqkDz2cb2vc5VeaWphJz8UXNuoNoM8/Op8eWv2tQ=",
        "owner": "NixOS",
        "repo": "nixpkgs",
        "rev": "293a28df6d7ff3dec1e61e37cc4ee6e6c0fb0847",
        "type": "github"
      },
      "original": {
        "owner": "NixOS",
        "ref": "nixpkgs-unstable",
        "repo": "nixpkgs",
        "type": "github"
      }
    },
    "nur": {
      "locked": {
        "lastModified": 1672775123,
        "narHash": "sha256-qAFRtfAodOhQNuoQiUYB8Rzq0+C+bdRwlmigZ1fbcMQ=",
        "owner": "nix-community",
        "repo": "NUR",
        "rev": "0fa7fc9329450df5e1ccf88aae193214f671367a",
        "type": "github"
      },
      "original": {
        "owner": "nix-community",
        "repo": "NUR",
        "type": "github"
      }
    },
    "root": {
      "inputs": {
        "emacs-overlay": "emacs-overlay",
        "hackpkgs": "hackpkgs",
        "hardware": "hardware",
        "home-manager": "home-manager",
        "nix-alien": "nix-alien",
        "nix-gaming": "nix-gaming",
        "nix-ld": "nix-ld",
        "nixpkgs": "nixpkgs_5",
        "nur": "nur",
        "sops-nix": "sops-nix",
        "utils": "utils_3"
      }
    },
    "sops-nix": {
      "inputs": {
        "nixpkgs": "nixpkgs_6",
        "nixpkgs-stable": "nixpkgs-stable"
      },
      "locked": {
        "lastModified": 1672543202,
        "narHash": "sha256-nlCUtcIZxaBqUBG1GyaXhZmfyG5WK4e6LqypP8llX9E=",
        "owner": "Mic92",
        "repo": "sops-nix",
        "rev": "b35586cc5abacd4eba9ead138b53e2a60920f781",
        "type": "github"
      },
      "original": {
        "owner": "Mic92",
        "repo": "sops-nix",
        "type": "github"
      }
    },
    "utils": {
      "locked": {
        "lastModified": 1667395993,
        "narHash": "sha256-nuEHfE/LcWyuSWnS8t12N1wc105Qtau+/OdUAjtQ0rA=",
        "owner": "numtide",
        "repo": "flake-utils",
        "rev": "5aed5285a952e0b949eb3ba02c12fa4fcfef535f",
        "type": "github"
      },
      "original": {
        "owner": "numtide",
        "repo": "flake-utils",
        "type": "github"
      }
    },
    "utils_2": {
      "locked": {
        "lastModified": 1667395993,
        "narHash": "sha256-nuEHfE/LcWyuSWnS8t12N1wc105Qtau+/OdUAjtQ0rA=",
        "owner": "numtide",
        "repo": "flake-utils",
        "rev": "5aed5285a952e0b949eb3ba02c12fa4fcfef535f",
        "type": "github"
      },
      "original": {
        "owner": "numtide",
        "repo": "flake-utils",
        "type": "github"
      }
    },
    "utils_3": {
      "locked": {
        "lastModified": 1667395993,
        "narHash": "sha256-nuEHfE/LcWyuSWnS8t12N1wc105Qtau+/OdUAjtQ0rA=",
        "owner": "numtide",
        "repo": "flake-utils",
        "rev": "5aed5285a952e0b949eb3ba02c12fa4fcfef535f",
        "type": "github"
      },
      "original": {
        "owner": "numtide",
        "repo": "flake-utils",
        "type": "github"
      }
    }
  },
  "root": "root",
  "version": 7
}
