{
  "nodes": {
    "emacs-overlay": {
      "inputs": {
        "flake-utils": "flake-utils",
        "nixpkgs": "nixpkgs"
      },
      "locked": {
        "lastModified": 1670438727,
        "narHash": "sha256-c8SAz45BtQTZLxX0BRoj7aGlk6jogjlTE7Tj40lQr6Q=",
        "owner": "nix-community",
        "repo": "emacs-overlay",
        "rev": "e9c4d10bbb4e810cbfe5e31248fe835e08efb35a",
        "type": "github"
      },
      "original": {
        "owner": "nix-community",
        "repo": "emacs-overlay",
        "rev": "e9c4d10bbb4e810cbfe5e31248fe835e08efb35a",
        "type": "github"
      }
    },
    "flake-utils": {
      "locked": {
        "lastModified": 1667395993,
        "narHash": "sha256-nuEHfE/LcWyuSWnS8t12N1wc105Qtau+/OdUAjtQ0rA=",
        "owner": "numtide",
        "repo": "flake-utils",
        "rev": "5aed5285a952e0b949eb3ba02c12fa4fcfef535f",
        "type": "github"
      },
      "original": {
        "owner": "numtide",
        "repo": "flake-utils",
        "type": "github"
      }
    },
    "flake-utils_2": {
      "locked": {
        "lastModified": 1667395993,
        "narHash": "sha256-nuEHfE/LcWyuSWnS8t12N1wc105Qtau+/OdUAjtQ0rA=",
        "owner": "numtide",
        "repo": "flake-utils",
        "rev": "5aed5285a952e0b949eb3ba02c12fa4fcfef535f",
        "type": "github"
      },
      "original": {
        "owner": "numtide",
        "repo": "flake-utils",
        "type": "github"
      }
    },
    "hackpkgs": {
      "inputs": {
        "flake-utils": [
          "utils"
        ],
        "nixpkgs": [
          "nixpkgs"
        ]
      },
      "locked": {
        "lastModified": 1658745217,
        "narHash": "sha256-VyP2WOYmMZG5zmysQWDAXri8H1KwIQ0c+YU9eRiKjc0=",
        "owner": "applePrincess",
        "repo": "hackpkgs",
        "rev": "dd31e977fb99a6f7226954d2cb1d6f48869d8a55",
        "type": "github"
      },
      "original": {
        "owner": "applePrincess",
        "repo": "hackpkgs",
        "type": "github"
      }
    },
    "hardware": {
      "locked": {
        "lastModified": 1673307158,
        "narHash": "sha256-d/HYBkMWqQkhSH3hPtEB+uEEwkk9vsHQJ4J7zXdE1wo=",
        "owner": "nixos",
        "repo": "nixos-hardware",
        "rev": "48745e081cfdcc678633c61dbf47a9bd3dfd93a7",
        "type": "github"
      },
      "original": {
        "owner": "nixos",
        "repo": "nixos-hardware",
        "type": "github"
      }
    },
    "home-manager": {
      "inputs": {
        "nixpkgs": [
          "nixpkgs"
        ],
        "utils": "utils"
      },
      "locked": {
        "lastModified": 1673306306,
        "narHash": "sha256-wV99VV4kn0SIN1XeEIfnD0X7dZD9H5prk19XeFQKhso=",
        "owner": "nix-community",
        "repo": "home-manager",
        "rev": "b0a3689878d4c2e8a1b02cecf8319ba8c53da519",
        "type": "github"
      },
      "original": {
        "owner": "nix-community",
        "ref": "master",
        "repo": "home-manager",
        "type": "github"
      }
    },
    "nix-alien": {
      "inputs": {
        "flake-utils": "flake-utils_2",
        "nixpkgs": "nixpkgs_2"
      },
      "locked": {
        "lastModified": 1672257991,
        "narHash": "sha256-y8PXQLfbHqutORvr4VutOhxAAlx3rVT/Bcnvv8nS76E=",
        "owner": "thiagokokada",
        "repo": "nix-alien",
        "rev": "967735b1f9bdc12f24e7b1ac336e499d12896988",
        "type": "github"
      },
      "original": {
        "owner": "thiagokokada",
        "repo": "nix-alien",
        "type": "github"
      }
    },
    "nix-gaming": {
      "inputs": {
        "nixpkgs": "nixpkgs_3"
      },
      "locked": {
        "lastModified": 1672665710,
        "narHash": "sha256-kK9DB+J7zDSs5H0X0AxEn85VKROLKYnUbPijtZEPrYY=",
        "owner": "fufexan",
        "repo": "nix-gaming",
        "rev": "66c8cbbde08af5a7e87cd3aa4fb4725f20966db2",
        "type": "github"
      },
      "original": {
        "owner": "fufexan",
        "repo": "nix-gaming",
        "type": "github"
      }
    },
    "nix-ld": {
      "inputs": {
        "nixpkgs": "nixpkgs_4",
        "utils": "utils_2"
      },
      "locked": {
        "lastModified": 1672471000,
        "narHash": "sha256-i0Z2jQ/zD57Dd697VV1buGcgJrp3bXVnXSs8G8n/8tQ=",
        "owner": "Mic92",
        "repo": "nix-ld",
        "rev": "2e26ccf8c4beb2fd0f757df481686d7f52e09905",
        "type": "github"
      },
      "original": {
        "owner": "Mic92",
        "ref": "main",
        "repo": "nix-ld",
        "type": "github"
      }
    },
    "nixpkgs": {
      "locked": {
        "lastModified": 1673269145,
        "narHash": "sha256-FlkWoWLu1JiAp9+26HmrT2jpz4LGMEsrS8dyIINGnUQ=",
        "owner": "NixOS",
        "repo": "nixpkgs",
        "rev": "d744fdbab93b048ec24cc7baf7598618d0eb9d3b",
        "type": "github"
      },
      "original": {
        "id": "nixpkgs",
        "type": "indirect"
      }
    },
    "nixpkgs-stable": {
      "locked": {
        "lastModified": 1673100377,
        "narHash": "sha256-mT76pTd0YFxT6CwtPhDgHJhuIgLY+ZLSMiQpBufwMG4=",
        "owner": "NixOS",
        "repo": "nixpkgs",
        "rev": "9f11a2df77cb945c115ae2a65f53f38121597d73",
        "type": "github"
      },
      "original": {
        "owner": "NixOS",
        "ref": "release-22.11",
        "repo": "nixpkgs",
        "type": "github"
      }
    },
    "nixpkgs_2": {
      "locked": {
        "lastModified": 1671007632,
        "narHash": "sha256-1uxNTBOa0SMypJKOWeUqrz2VfmwQ1hVgWckPdgDNip4=",
        "owner": "NixOS",
        "repo": "nixpkgs",
        "rev": "b9a0cd40ede905f554399f3f165895dccfd35f3b",
        "type": "github"
      },
      "original": {
        "owner": "NixOS",
        "ref": "nixpkgs-unstable",
        "repo": "nixpkgs",
        "type": "github"
      }
    },
    "nixpkgs_3": {
      "locked": {
        "lastModified": 1663491030,
        "narHash": "sha256-MVsfBhE9US5DvLtBAaTRjwYdv1tLO8xjahM8qLXTgTo=",
        "owner": "NixOS",
        "repo": "nixpkgs",
        "rev": "767542707d394ff15ac1981e903e005ba69528b5",
        "type": "github"
      },
      "original": {
        "owner": "NixOS",
        "ref": "nixpkgs-unstable",
        "repo": "nixpkgs",
        "type": "github"
      }
    },
    "nixpkgs_4": {
      "locked": {
        "lastModified": 1671467162,
        "narHash": "sha256-1MRYdkLH7vyz9A/69KeDE+4RaEI6D83GfuJLMOGjN/8=",
        "owner": "NixOS",
        "repo": "nixpkgs",
        "rev": "9bf4ec690947311dd0b080bb8d86a3019d5f4f24",
        "type": "github"
      },
      "original": {
        "owner": "NixOS",
        "repo": "nixpkgs",
        "type": "github"
      }
    },
    "nixpkgs_5": {
      "locked": {
        "lastModified": 1673134516,
        "narHash": "sha256-mAZQKqkNQbBmJnmUU0blOfkKlgMSSVyPHdeWeuKad8U=",
        "owner": "nixos",
        "repo": "nixpkgs",
        "rev": "f6f44561884c3470e2b783683d5dbac42dfc833b",
        "type": "github"
      },
      "original": {
        "owner": "nixos",
        "ref": "nixos-unstable",
        "repo": "nixpkgs",
        "type": "github"
      }
    },
    "nixpkgs_6": {
      "locked": {
        "lastModified": 1673027386,
        "narHash": "sha256-Wjt+oDhRLcf3opIjUKHGN+Xrp3w2ZDms6bO4pCLvsco=",
        "owner": "NixOS",
        "repo": "nixpkgs",
        "rev": "b3818a46e686f24561a28eaa9fcf35e18b8d8e89",
        "type": "github"
      },
      "original": {
        "owner": "NixOS",
        "ref": "nixpkgs-unstable",
        "repo": "nixpkgs",
        "type": "github"
      }
    },
    "nur": {
      "locked": {
        "lastModified": 1673313906,
        "narHash": "sha256-moQycUvrmS96DAJgbSKuanvdH27fGtkDh4o7EW5nb+E=",
        "owner": "nix-community",
        "repo": "NUR",
        "rev": "5f8e06fee2a5afa5966130cb3d818996f27aaf50",
        "type": "github"
      },
      "original": {
        "owner": "nix-community",
        "repo": "NUR",
        "type": "github"
      }
    },
    "root": {
      "inputs": {
        "emacs-overlay": "emacs-overlay",
        "hackpkgs": "hackpkgs",
        "hardware": "hardware",
        "home-manager": "home-manager",
        "nix-alien": "nix-alien",
        "nix-gaming": "nix-gaming",
        "nix-ld": "nix-ld",
        "nixpkgs": "nixpkgs_5",
        "nur": "nur",
        "sops-nix": "sops-nix",
        "utils": "utils_3"
      }
    },
    "sops-nix": {
      "inputs": {
        "nixpkgs": "nixpkgs_6",
        "nixpkgs-stable": "nixpkgs-stable"
      },
      "locked": {
        "lastModified": 1673147300,
        "narHash": "sha256-gR9OEfTzWfL6vG0qkbn1TlBAOlg4LuW8xK/u0V41Ihc=",
        "owner": "Mic92",
        "repo": "sops-nix",
        "rev": "2253120d2a6147e57bafb5c689e086221df8032f",
        "type": "github"
      },
      "original": {
        "owner": "Mic92",
        "repo": "sops-nix",
        "type": "github"
      }
    },
    "utils": {
      "locked": {
        "lastModified": 1667395993,
        "narHash": "sha256-nuEHfE/LcWyuSWnS8t12N1wc105Qtau+/OdUAjtQ0rA=",
        "owner": "numtide",
        "repo": "flake-utils",
        "rev": "5aed5285a952e0b949eb3ba02c12fa4fcfef535f",
        "type": "github"
      },
      "original": {
        "owner": "numtide",
        "repo": "flake-utils",
        "type": "github"
      }
    },
    "utils_2": {
      "locked": {
        "lastModified": 1667395993,
        "narHash": "sha256-nuEHfE/LcWyuSWnS8t12N1wc105Qtau+/OdUAjtQ0rA=",
        "owner": "numtide",
        "repo": "flake-utils",
        "rev": "5aed5285a952e0b949eb3ba02c12fa4fcfef535f",
        "type": "github"
      },
      "original": {
        "owner": "numtide",
        "repo": "flake-utils",
        "type": "github"
      }
    },
    "utils_3": {
      "locked": {
        "lastModified": 1667395993,
        "narHash": "sha256-nuEHfE/LcWyuSWnS8t12N1wc105Qtau+/OdUAjtQ0rA=",
        "owner": "numtide",
        "repo": "flake-utils",
        "rev": "5aed5285a952e0b949eb3ba02c12fa4fcfef535f",
        "type": "github"
      },
      "original": {
        "owner": "numtide",
        "repo": "flake-utils",
        "type": "github"
      }
    }
  },
  "root": "root",
  "version": 7
}
